// !$*UTF8*$!
{
	archiveVersion = 1;
	classes = {
	};
	objectVersion = 56;
	objects = {

/* Begin PBXBuildFile section */
		BA132B7E2A09988400ABF594 /* Fake_News_World_WideApp.swift in Sources */ = {isa = PBXBuildFile; fileRef = BA132B7D2A09988400ABF594 /* Fake_News_World_WideApp.swift */; };
		BA132B802A09988400ABF594 /* ContentView.swift in Sources */ = {isa = PBXBuildFile; fileRef = BA132B7F2A09988400ABF594 /* ContentView.swift */; };
		BA132B822A09988500ABF594 /* Assets.xcassets in Resources */ = {isa = PBXBuildFile; fileRef = BA132B812A09988500ABF594 /* Assets.xcassets */; };
		BA132B852A09988500ABF594 /* Preview Assets.xcassets in Resources */ = {isa = PBXBuildFile; fileRef = BA132B842A09988500ABF594 /* Preview Assets.xcassets */; };
		BA132B8F2A099B2500ABF594 /* PPMonumentExtended-RegularItalic.otf in Resources */ = {isa = PBXBuildFile; fileRef = BA132B8D2A099B2500ABF594 /* PPMonumentExtended-RegularItalic.otf */; };
		BA132B902A099B2500ABF594 /* PPTelegraf-UltraboldOblique.otf in Resources */ = {isa = PBXBuildFile; fileRef = BA132B8E2A099B2500ABF594 /* PPTelegraf-UltraboldOblique.otf */; };
		BA132B9C2A09B74400ABF594 /* Article.swift in Sources */ = {isa = PBXBuildFile; fileRef = BA132B9B2A09B74400ABF594 /* Article.swift */; };
		BA132B9F2A09BAA000ABF594 /* OpenAI in Frameworks */ = {isa = PBXBuildFile; productRef = BA132B9E2A09BAA000ABF594 /* OpenAI */; };
		BA132BA52A0AD0FF00ABF594 /* Location.swift in Sources */ = {isa = PBXBuildFile; fileRef = BA132BA42A0AD0FF00ABF594 /* Location.swift */; };
		BA132BA82A0AD1FC00ABF594 /* ArticleStore.swift in Sources */ = {isa = PBXBuildFile; fileRef = BA132BA72A0AD1FC00ABF594 /* ArticleStore.swift */; };
		BA132BAA2A0AE39A00ABF594 /* HeadlineBoxView.swift in Sources */ = {isa = PBXBuildFile; fileRef = BA132BA92A0AE39A00ABF594 /* HeadlineBoxView.swift */; };
		BA132BAC2A0AE3D100ABF594 /* HeaderView.swift in Sources */ = {isa = PBXBuildFile; fileRef = BA132BAB2A0AE3D100ABF594 /* HeaderView.swift */; };
		BA132BAE2A0AE3FB00ABF594 /* MapView.swift in Sources */ = {isa = PBXBuildFile; fileRef = BA132BAD2A0AE3FB00ABF594 /* MapView.swift */; };
		BAA710972A0B1157004BF7BC /* HeadlineView.swift in Sources */ = {isa = PBXBuildFile; fileRef = BAA710962A0B1157004BF7BC /* HeadlineView.swift */; };
		BAA710A22A0BEB33004BF7BC /* PPEditorialNew-Ultrabold.otf in Resources */ = {isa = PBXBuildFile; fileRef = BAA7109F2A0BEB33004BF7BC /* PPEditorialNew-Ultrabold.otf */; };
		BAA710A32A0BEB33004BF7BC /* PPEditorialNew-Ultralight.otf in Resources */ = {isa = PBXBuildFile; fileRef = BAA710A02A0BEB33004BF7BC /* PPEditorialNew-Ultralight.otf */; };
		BAA710A42A0BEB33004BF7BC /* PPEditorialNew-Regular.otf in Resources */ = {isa = PBXBuildFile; fileRef = BAA710A12A0BEB33004BF7BC /* PPEditorialNew-Regular.otf */; };
		BAA710A62A0C21DE004BF7BC /* ArticleService.swift in Sources */ = {isa = PBXBuildFile; fileRef = BAA710A52A0C21DE004BF7BC /* ArticleService.swift */; };
/* End PBXBuildFile section */

/* Begin PBXFileReference section */
		BA132B7A2A09988400ABF594 /* Fake News World Wide.app */ = {isa = PBXFileReference; explicitFileType = wrapper.application; includeInIndex = 0; path = "Fake News World Wide.app"; sourceTree = BUILT_PRODUCTS_DIR; };
		BA132B7D2A09988400ABF594 /* Fake_News_World_WideApp.swift */ = {isa = PBXFileReference; lastKnownFileType = sourcecode.swift; path = Fake_News_World_WideApp.swift; sourceTree = "<group>"; };
		BA132B7F2A09988400ABF594 /* ContentView.swift */ = {isa = PBXFileReference; lastKnownFileType = sourcecode.swift; path = ContentView.swift; sourceTree = "<group>"; };
		BA132B812A09988500ABF594 /* Assets.xcassets */ = {isa = PBXFileReference; lastKnownFileType = folder.assetcatalog; path = Assets.xcassets; sourceTree = "<group>"; };
		BA132B842A09988500ABF594 /* Preview Assets.xcassets */ = {isa = PBXFileReference; lastKnownFileType = folder.assetcatalog; path = "Preview Assets.xcassets"; sourceTree = "<group>"; };
		BA132B8D2A099B2500ABF594 /* PPMonumentExtended-RegularItalic.otf */ = {isa = PBXFileReference; lastKnownFileType = file; path = "PPMonumentExtended-RegularItalic.otf"; sourceTree = "<group>"; };
		BA132B8E2A099B2500ABF594 /* PPTelegraf-UltraboldOblique.otf */ = {isa = PBXFileReference; lastKnownFileType = file; path = "PPTelegraf-UltraboldOblique.otf"; sourceTree = "<group>"; };
		BA132B972A099D3B00ABF594 /* Fake-News-World-Wide-Info.plist */ = {isa = PBXFileReference; lastKnownFileType = text.plist; path = "Fake-News-World-Wide-Info.plist"; sourceTree = SOURCE_ROOT; };
		BA132B9B2A09B74400ABF594 /* Article.swift */ = {isa = PBXFileReference; lastKnownFileType = sourcecode.swift; path = Article.swift; sourceTree = "<group>"; };
		BA132BA42A0AD0FF00ABF594 /* Location.swift */ = {isa = PBXFileReference; lastKnownFileType = sourcecode.swift; path = Location.swift; sourceTree = "<group>"; };
		BA132BA72A0AD1FC00ABF594 /* ArticleStore.swift */ = {isa = PBXFileReference; lastKnownFileType = sourcecode.swift; path = ArticleStore.swift; sourceTree = "<group>"; };
		BA132BA92A0AE39A00ABF594 /* HeadlineBoxView.swift */ = {isa = PBXFileReference; lastKnownFileType = sourcecode.swift; path = HeadlineBoxView.swift; sourceTree = "<group>"; };
		BA132BAB2A0AE3D100ABF594 /* HeaderView.swift */ = {isa = PBXFileReference; lastKnownFileType = sourcecode.swift; path = HeaderView.swift; sourceTree = "<group>"; };
		BA132BAD2A0AE3FB00ABF594 /* MapView.swift */ = {isa = PBXFileReference; lastKnownFileType = sourcecode.swift; path = MapView.swift; sourceTree = "<group>"; };
		BAA710962A0B1157004BF7BC /* HeadlineView.swift */ = {isa = PBXFileReference; lastKnownFileType = sourcecode.swift; path = HeadlineView.swift; sourceTree = "<group>"; };
		BAA7109F2A0BEB33004BF7BC /* PPEditorialNew-Ultrabold.otf */ = {isa = PBXFileReference; lastKnownFileType = file; path = "PPEditorialNew-Ultrabold.otf"; sourceTree = "<group>"; };
		BAA710A02A0BEB33004BF7BC /* PPEditorialNew-Ultralight.otf */ = {isa = PBXFileReference; lastKnownFileType = file; path = "PPEditorialNew-Ultralight.otf"; sourceTree = "<group>"; };
		BAA710A12A0BEB33004BF7BC /* PPEditorialNew-Regular.otf */ = {isa = PBXFileReference; lastKnownFileType = file; path = "PPEditorialNew-Regular.otf"; sourceTree = "<group>"; };
		BAA710A52A0C21DE004BF7BC /* ArticleService.swift */ = {isa = PBXFileReference; lastKnownFileType = sourcecode.swift; path = ArticleService.swift; sourceTree = "<group>"; };
/* End PBXFileReference section */

/* Begin PBXFrameworksBuildPhase section */
		BA132B772A09988400ABF594 /* Frameworks */ = {
			isa = PBXFrameworksBuildPhase;
			buildActionMask = 2147483647;
			files = (
				BA132B9F2A09BAA000ABF594 /* OpenAI in Frameworks */,
			);
			runOnlyForDeploymentPostprocessing = 0;
		};
/* End PBXFrameworksBuildPhase section */

/* Begin PBXGroup section */
		BA132B712A09988400ABF594 = {
			isa = PBXGroup;
			children = (
				BA132B7C2A09988400ABF594 /* Fake News World Wide */,
				BA132B7B2A09988400ABF594 /* Products */,
			);
			sourceTree = "<group>";
		};
		BA132B7B2A09988400ABF594 /* Products */ = {
			isa = PBXGroup;
			children = (
				BA132B7A2A09988400ABF594 /* Fake News World Wide.app */,
			);
			name = Products;
			sourceTree = "<group>";
		};
		BA132B7C2A09988400ABF594 /* Fake News World Wide */ = {
			isa = PBXGroup;
			children = (
				BA132BA62A0AD1ED00ABF594 /* Services */,
				BA132BA32A0AD00000ABF594 /* Models */,
				BA132BA22A0ACFDB00ABF594 /* Views */,
				BA132B972A099D3B00ABF594 /* Fake-News-World-Wide-Info.plist */,
				BA132B7D2A09988400ABF594 /* Fake_News_World_WideApp.swift */,
				BA132B7F2A09988400ABF594 /* ContentView.swift */,
				BA132B812A09988500ABF594 /* Assets.xcassets */,
				BA132B9A2A09B71200ABF594 /* Fonts */,
				BA132B832A09988500ABF594 /* Preview Content */,
			);
			path = "Fake News World Wide";
			sourceTree = "<group>";
		};
		BA132B832A09988500ABF594 /* Preview Content */ = {
			isa = PBXGroup;
			children = (
				BA132B842A09988500ABF594 /* Preview Assets.xcassets */,
			);
			path = "Preview Content";
			sourceTree = "<group>";
		};
		BA132B9A2A09B71200ABF594 /* Fonts */ = {
			isa = PBXGroup;
			children = (
				BA132B8D2A099B2500ABF594 /* PPMonumentExtended-RegularItalic.otf */,
				BA132B8E2A099B2500ABF594 /* PPTelegraf-UltraboldOblique.otf */,
				BAA710A12A0BEB33004BF7BC /* PPEditorialNew-Regular.otf */,
				BAA7109F2A0BEB33004BF7BC /* PPEditorialNew-Ultrabold.otf */,
				BAA710A02A0BEB33004BF7BC /* PPEditorialNew-Ultralight.otf */,
			);
			path = Fonts;
			sourceTree = "<group>";
		};
		BA132BA22A0ACFDB00ABF594 /* Views */ = {
			isa = PBXGroup;
			children = (
				BA132BA92A0AE39A00ABF594 /* HeadlineBoxView.swift */,
				BA132BAB2A0AE3D100ABF594 /* HeaderView.swift */,
				BA132BAD2A0AE3FB00ABF594 /* MapView.swift */,
				BAA710962A0B1157004BF7BC /* HeadlineView.swift */,
			);
			path = Views;
			sourceTree = "<group>";
		};
		BA132BA32A0AD00000ABF594 /* Models */ = {
			isa = PBXGroup;
			children = (
				BA132B9B2A09B74400ABF594 /* Article.swift */,
				BA132BA42A0AD0FF00ABF594 /* Location.swift */,
			);
			path = Models;
			sourceTree = "<group>";
		};
		BA132BA62A0AD1ED00ABF594 /* Services */ = {
			isa = PBXGroup;
			children = (
				BA132BA72A0AD1FC00ABF594 /* ArticleStore.swift */,
				BAA710A52A0C21DE004BF7BC /* ArticleService.swift */,
			);
			path = Services;
			sourceTree = "<group>";
		};
/* End PBXGroup section */

/* Begin PBXNativeTarget section */
		BA132B792A09988400ABF594 /* Fake News World Wide */ = {
			isa = PBXNativeTarget;
			buildConfigurationList = BA132B882A09988500ABF594 /* Build configuration list for PBXNativeTarget "Fake News World Wide" */;
			buildPhases = (
				BA132B762A09988400ABF594 /* Sources */,
				BA132B772A09988400ABF594 /* Frameworks */,
				BA132B782A09988400ABF594 /* Resources */,
			);
			buildRules = (
			);
			dependencies = (
			);
			name = "Fake News World Wide";
			packageProductDependencies = (
				BA132B9E2A09BAA000ABF594 /* OpenAI */,
			);
			productName = "Fake News World Wide";
			productReference = BA132B7A2A09988400ABF594 /* Fake News World Wide.app */;
			productType = "com.apple.product-type.application";
		};
/* End PBXNativeTarget section */

/* Begin PBXProject section */
		BA132B722A09988400ABF594 /* Project object */ = {
			isa = PBXProject;
			attributes = {
				BuildIndependentTargetsInParallel = 1;
				LastSwiftUpdateCheck = 1430;
				LastUpgradeCheck = 1430;
				TargetAttributes = {
					BA132B792A09988400ABF594 = {
						CreatedOnToolsVersion = 14.3;
					};
				};
			};
			buildConfigurationList = BA132B752A09988400ABF594 /* Build configuration list for PBXProject "Fake News World Wide" */;
			compatibilityVersion = "Xcode 14.0";
			developmentRegion = en;
			hasScannedForEncodings = 0;
			knownRegions = (
				en,
				Base,
			);
			mainGroup = BA132B712A09988400ABF594;
			packageReferences = (
				BA132B9D2A09BAA000ABF594 /* XCRemoteSwiftPackageReference "OpenAI" */,
			);
			productRefGroup = BA132B7B2A09988400ABF594 /* Products */;
			projectDirPath = "";
			projectRoot = "";
			targets = (
				BA132B792A09988400ABF594 /* Fake News World Wide */,
			);
		};
/* End PBXProject section */

/* Begin PBXResourcesBuildPhase section */
		BA132B782A09988400ABF594 /* Resources */ = {
			isa = PBXResourcesBuildPhase;
			buildActionMask = 2147483647;
			files = (
				BAA710A32A0BEB33004BF7BC /* PPEditorialNew-Ultralight.otf in Resources */,
				BAA710A22A0BEB33004BF7BC /* PPEditorialNew-Ultrabold.otf in Resources */,
				BA132B852A09988500ABF594 /* Preview Assets.xcassets in Resources */,
				BA132B8F2A099B2500ABF594 /* PPMonumentExtended-RegularItalic.otf in Resources */,
				BA132B822A09988500ABF594 /* Assets.xcassets in Resources */,
				BA132B902A099B2500ABF594 /* PPTelegraf-UltraboldOblique.otf in Resources */,
				BAA710A42A0BEB33004BF7BC /* PPEditorialNew-Regular.otf in Resources */,
			);
			runOnlyForDeploymentPostprocessing = 0;
		};
/* End PBXResourcesBuildPhase section */

/* Begin PBXSourcesBuildPhase section */
		BA132B762A09988400ABF594 /* Sources */ = {
			isa = PBXSourcesBuildPhase;
			buildActionMask = 2147483647;
			files = (
				BAA710972A0B1157004BF7BC /* HeadlineView.swift in Sources */,
				BA132B802A09988400ABF594 /* ContentView.swift in Sources */,
				BA132BA52A0AD0FF00ABF594 /* Location.swift in Sources */,
				BA132B7E2A09988400ABF594 /* Fake_News_World_WideApp.swift in Sources */,
				BA132BAA2A0AE39A00ABF594 /* HeadlineBoxView.swift in Sources */,
				BA132BA82A0AD1FC00ABF594 /* ArticleStore.swift in Sources */,
				BA132B9C2A09B74400ABF594 /* Article.swift in Sources */,
				BA132BAE2A0AE3FB00ABF594 /* MapView.swift in Sources */,
				BAA710A62A0C21DE004BF7BC /* ArticleService.swift in Sources */,
				BA132BAC2A0AE3D100ABF594 /* HeaderView.swift in Sources */,
			);
			runOnlyForDeploymentPostprocessing = 0;
		};
/* End PBXSourcesBuildPhase section */

/* Begin XCBuildConfiguration section */
		BA132B862A09988500ABF594 /* Debug */ = {
			isa = XCBuildConfiguration;
			buildSettings = {
				ALWAYS_SEARCH_USER_PATHS = NO;
				CLANG_ANALYZER_NONNULL = YES;
				CLANG_ANALYZER_NUMBER_OBJECT_CONVERSION = YES_AGGRESSIVE;
				CLANG_CXX_LANGUAGE_STANDARD = "gnu++20";
				CLANG_ENABLE_MODULES = YES;
				CLANG_ENABLE_OBJC_ARC = YES;
				CLANG_ENABLE_OBJC_WEAK = YES;
				CLANG_WARN_BLOCK_CAPTURE_AUTORELEASING = YES;
				CLANG_WARN_BOOL_CONVERSION = YES;
				CLANG_WARN_COMMA = YES;
				CLANG_WARN_CONSTANT_CONVERSION = YES;
				CLANG_WARN_DEPRECATED_OBJC_IMPLEMENTATIONS = YES;
				CLANG_WARN_DIRECT_OBJC_ISA_USAGE = YES_ERROR;
				CLANG_WARN_DOCUMENTATION_COMMENTS = YES;
				CLANG_WARN_EMPTY_BODY = YES;
				CLANG_WARN_ENUM_CONVERSION = YES;
				CLANG_WARN_INFINITE_RECURSION = YES;
				CLANG_WARN_INT_CONVERSION = YES;
				CLANG_WARN_NON_LITERAL_NULL_CONVERSION = YES;
				CLANG_WARN_OBJC_IMPLICIT_RETAIN_SELF = YES;
				CLANG_WARN_OBJC_LITERAL_CONVERSION = YES;
				CLANG_WARN_OBJC_ROOT_CLASS = YES_ERROR;
				CLANG_WARN_QUOTED_INCLUDE_IN_FRAMEWORK_HEADER = YES;
				CLANG_WARN_RANGE_LOOP_ANALYSIS = YES;
				CLANG_WARN_STRICT_PROTOTYPES = YES;
				CLANG_WARN_SUSPICIOUS_MOVE = YES;
				CLANG_WARN_UNGUARDED_AVAILABILITY = YES_AGGRESSIVE;
				CLANG_WARN_UNREACHABLE_CODE = YES;
				CLANG_WARN__DUPLICATE_METHOD_MATCH = YES;
				COPY_PHASE_STRIP = NO;
				DEBUG_INFORMATION_FORMAT = dwarf;
				ENABLE_STRICT_OBJC_MSGSEND = YES;
				ENABLE_TESTABILITY = YES;
				GCC_C_LANGUAGE_STANDARD = gnu11;
				GCC_DYNAMIC_NO_PIC = NO;
				GCC_NO_COMMON_BLOCKS = YES;
				GCC_OPTIMIZATION_LEVEL = 0;
				GCC_PREPROCESSOR_DEFINITIONS = (
					"DEBUG=1",
					"$(inherited)",
				);
				GCC_WARN_64_TO_32_BIT_CONVERSION = YES;
				GCC_WARN_ABOUT_RETURN_TYPE = YES_ERROR;
				GCC_WARN_UNDECLARED_SELECTOR = YES;
				GCC_WARN_UNINITIALIZED_AUTOS = YES_AGGRESSIVE;
				GCC_WARN_UNUSED_FUNCTION = YES;
				GCC_WARN_UNUSED_VARIABLE = YES;
				IPHONEOS_DEPLOYMENT_TARGET = 16.4;
				MTL_ENABLE_DEBUG_INFO = INCLUDE_SOURCE;
				MTL_FAST_MATH = YES;
				ONLY_ACTIVE_ARCH = YES;
				SDKROOT = iphoneos;
				SWIFT_ACTIVE_COMPILATION_CONDITIONS = DEBUG;
				SWIFT_OPTIMIZATION_LEVEL = "-Onone";
			};
			name = Debug;
		};
		BA132B872A09988500ABF594 /* Release */ = {
			isa = XCBuildConfiguration;
			buildSettings = {
				ALWAYS_SEARCH_USER_PATHS = NO;
				CLANG_ANALYZER_NONNULL = YES;
				CLANG_ANALYZER_NUMBER_OBJECT_CONVERSION = YES_AGGRESSIVE;
				CLANG_CXX_LANGUAGE_STANDARD = "gnu++20";
				CLANG_ENABLE_MODULES = YES;
				CLANG_ENABLE_OBJC_ARC = YES;
				CLANG_ENABLE_OBJC_WEAK = YES;
				CLANG_WARN_BLOCK_CAPTURE_AUTORELEASING = YES;
				CLANG_WARN_BOOL_CONVERSION = YES;
				CLANG_WARN_COMMA = YES;
				CLANG_WARN_CONSTANT_CONVERSION = YES;
				CLANG_WARN_DEPRECATED_OBJC_IMPLEMENTATIONS = YES;
				CLANG_WARN_DIRECT_OBJC_ISA_USAGE = YES_ERROR;
				CLANG_WARN_DOCUMENTATION_COMMENTS = YES;
				CLANG_WARN_EMPTY_BODY = YES;
				CLANG_WARN_ENUM_CONVERSION = YES;
				CLANG_WARN_INFINITE_RECURSION = YES;
				CLANG_WARN_INT_CONVERSION = YES;
				CLANG_WARN_NON_LITERAL_NULL_CONVERSION = YES;
				CLANG_WARN_OBJC_IMPLICIT_RETAIN_SELF = YES;
				CLANG_WARN_OBJC_LITERAL_CONVERSION = YES;
				CLANG_WARN_OBJC_ROOT_CLASS = YES_ERROR;
				CLANG_WARN_QUOTED_INCLUDE_IN_FRAMEWORK_HEADER = YES;
				CLANG_WARN_RANGE_LOOP_ANALYSIS = YES;
				CLANG_WARN_STRICT_PROTOTYPES = YES;
				CLANG_WARN_SUSPICIOUS_MOVE = YES;
				CLANG_WARN_UNGUARDED_AVAILABILITY = YES_AGGRESSIVE;
				CLANG_WARN_UNREACHABLE_CODE = YES;
				CLANG_WARN__DUPLICATE_METHOD_MATCH = YES;
				COPY_PHASE_STRIP = NO;
				DEBUG_INFORMATION_FORMAT = "dwarf-with-dsym";
				ENABLE_NS_ASSERTIONS = NO;
				ENABLE_STRICT_OBJC_MSGSEND = YES;
				GCC_C_LANGUAGE_STANDARD = gnu11;
				GCC_NO_COMMON_BLOCKS = YES;
				GCC_WARN_64_TO_32_BIT_CONVERSION = YES;
				GCC_WARN_ABOUT_RETURN_TYPE = YES_ERROR;
				GCC_WARN_UNDECLARED_SELECTOR = YES;
				GCC_WARN_UNINITIALIZED_AUTOS = YES_AGGRESSIVE;
				GCC_WARN_UNUSED_FUNCTION = YES;
				GCC_WARN_UNUSED_VARIABLE = YES;
				IPHONEOS_DEPLOYMENT_TARGET = 16.4;
				MTL_ENABLE_DEBUG_INFO = NO;
				MTL_FAST_MATH = YES;
				SDKROOT = iphoneos;
				SWIFT_COMPILATION_MODE = wholemodule;
				SWIFT_OPTIMIZATION_LEVEL = "-O";
				VALIDATE_PRODUCT = YES;
			};
			name = Release;
		};
		BA132B892A09988500ABF594 /* Debug */ = {
			isa = XCBuildConfiguration;
			buildSettings = {
				ASSETCATALOG_COMPILER_APPICON_NAME = AppIcon;
				ASSETCATALOG_COMPILER_GLOBAL_ACCENT_COLOR_NAME = AccentColor;
				CODE_SIGN_STYLE = Automatic;
				CURRENT_PROJECT_VERSION = 1;
				DEVELOPMENT_ASSET_PATHS = "\"Fake News World Wide/Preview Content\"";
				DEVELOPMENT_TEAM = 39ZN2S33DM;
				ENABLE_PREVIEWS = YES;
				GENERATE_INFOPLIST_FILE = YES;
				INFOPLIST_FILE = "Fake-News-World-Wide-Info.plist";
				INFOPLIST_KEY_UIApplicationSceneManifest_Generation = YES;
				INFOPLIST_KEY_UIApplicationSupportsIndirectInputEvents = YES;
				INFOPLIST_KEY_UILaunchScreen_Generation = YES;
				INFOPLIST_KEY_UISupportedInterfaceOrientations_iPad = "UIInterfaceOrientationPortrait UIInterfaceOrientationPortraitUpsideDown UIInterfaceOrientationLandscapeLeft UIInterfaceOrientationLandscapeRight";
				INFOPLIST_KEY_UISupportedInterfaceOrientations_iPhone = "UIInterfaceOrientationPortrait UIInterfaceOrientationLandscapeLeft UIInterfaceOrientationLandscapeRight";
				LD_RUNPATH_SEARCH_PATHS = (
					"$(inherited)",
					"@executable_path/Frameworks",
				);
				MARKETING_VERSION = 1.0;
				PRODUCT_BUNDLE_IDENTIFIER = "bencooper.Fake-News-World-Wide";
				PRODUCT_NAME = "$(TARGET_NAME)";
				SWIFT_EMIT_LOC_STRINGS = YES;
				SWIFT_VERSION = 5.0;
				TARGETED_DEVICE_FAMILY = "1,2";
			};
			name = Debug;
		};
		BA132B8A2A09988500ABF594 /* Release */ = {
			isa = XCBuildConfiguration;
			buildSettings = {
				ASSETCATALOG_COMPILER_APPICON_NAME = AppIcon;
				ASSETCATALOG_COMPILER_GLOBAL_ACCENT_COLOR_NAME = AccentColor;
				CODE_SIGN_STYLE = Automatic;
				CURRENT_PROJECT_VERSION = 1;
				DEVELOPMENT_ASSET_PATHS = "\"Fake News World Wide/Preview Content\"";
				DEVELOPMENT_TEAM = 39ZN2S33DM;
				ENABLE_PREVIEWS = YES;
				GENERATE_INFOPLIST_FILE = YES;
				INFOPLIST_FILE = "Fake-News-World-Wide-Info.plist";
				INFOPLIST_KEY_UIApplicationSceneManifest_Generation = YES;
				INFOPLIST_KEY_UIApplicationSupportsIndirectInputEvents = YES;
				INFOPLIST_KEY_UILaunchScreen_Generation = YES;
				INFOPLIST_KEY_UISupportedInterfaceOrientations_iPad = "UIInterfaceOrientationPortrait UIInterfaceOrientationPortraitUpsideDown UIInterfaceOrientationLandscapeLeft UIInterfaceOrientationLandscapeRight";
				INFOPLIST_KEY_UISupportedInterfaceOrientations_iPhone = "UIInterfaceOrientationPortrait UIInterfaceOrientationLandscapeLeft UIInterfaceOrientationLandscapeRight";
				LD_RUNPATH_SEARCH_PATHS = (
					"$(inherited)",
					"@executable_path/Frameworks",
				);
				MARKETING_VERSION = 1.0;
				PRODUCT_BUNDLE_IDENTIFIER = "bencooper.Fake-News-World-Wide";
				PRODUCT_NAME = "$(TARGET_NAME)";
				SWIFT_EMIT_LOC_STRINGS = YES;
				SWIFT_VERSION = 5.0;
				TARGETED_DEVICE_FAMILY = "1,2";
			};
			name = Release;
		};
/* End XCBuildConfiguration section */

/* Begin XCConfigurationList section */
		BA132B752A09988400ABF594 /* Build configuration list for PBXProject "Fake News World Wide" */ = {
			isa = XCConfigurationList;
			buildConfigurations = (
				BA132B862A09988500ABF594 /* Debug */,
				BA132B872A09988500ABF594 /* Release */,
			);
			defaultConfigurationIsVisible = 0;
			defaultConfigurationName = Release;
		};
		BA132B882A09988500ABF594 /* Build configuration list for PBXNativeTarget "Fake News World Wide" */ = {
			isa = XCConfigurationList;
			buildConfigurations = (
				BA132B892A09988500ABF594 /* Debug */,
				BA132B8A2A09988500ABF594 /* Release */,
			);
			defaultConfigurationIsVisible = 0;
			defaultConfigurationName = Release;
		};
/* End XCConfigurationList section */

/* Begin XCRemoteSwiftPackageReference section */
		BA132B9D2A09BAA000ABF594 /* XCRemoteSwiftPackageReference "OpenAI" */ = {
			isa = XCRemoteSwiftPackageReference;
			repositoryURL = "https://github.com/MacPaw/OpenAI.git";
			requirement = {
				kind = upToNextMajorVersion;
				minimumVersion = 0.1.2;
			};
		};
/* End XCRemoteSwiftPackageReference section */

/* Begin XCSwiftPackageProductDependency section */
		BA132B9E2A09BAA000ABF594 /* OpenAI */ = {
			isa = XCSwiftPackageProductDependency;
			package = BA132B9D2A09BAA000ABF594 /* XCRemoteSwiftPackageReference "OpenAI" */;
			productName = OpenAI;
		};
/* End XCSwiftPackageProductDependency section */
	};
	rootObject = BA132B722A09988400ABF594 /* Project object */;
}
